
Microsoft Visual Studio Solution File, Format Version 12.00
Project("{FAE04EC0-301F-11D3-BF4B-00C04F79EFBC}") = "WebApi", "WebApi\WebApi.csproj", "{B5C6DC62-46C7-4534-AC27-6E0C5E8510DE}"
EndProject
Project("{FAE04EC0-301F-11D3-BF4B-00C04F79EFBC}") = "Services", "Services\Services.csproj", "{46E3B2BC-CD8D-45E9-9924-544630AF5807}"
EndProject
Global
	GlobalSection(SolutionConfigurationPlatforms) = preSolution
		Debug|Any CPU = Debug|Any CPU
		Release|Any CPU = Release|Any CPU
	EndGlobalSection
	GlobalSection(ProjectConfigurationPlatforms) = postSolution
		{B5C6DC62-46C7-4534-AC27-6E0C5E8510DE}.Debug|Any CPU.ActiveCfg = Debug|Any CPU
		{B5C6DC62-46C7-4534-AC27-6E0C5E8510DE}.Debug|Any CPU.Build.0 = Debug|Any CPU
		{B5C6DC62-46C7-4534-AC27-6E0C5E8510DE}.Release|Any CPU.ActiveCfg = Release|Any CPU
		{B5C6DC62-46C7-4534-AC27-6E0C5E8510DE}.Release|Any CPU.Build.0 = Release|Any CPU
		{46E3B2BC-CD8D-45E9-9924-544630AF5807}.Debug|Any CPU.ActiveCfg = Debug|Any CPU
		{46E3B2BC-CD8D-45E9-9924-544630AF5807}.Debug|Any CPU.Build.0 = Debug|Any CPU
		{46E3B2BC-CD8D-45E9-9924-544630AF5807}.Release|Any CPU.ActiveCfg = Release|Any CPU
		{46E3B2BC-CD8D-45E9-9924-544630AF5807}.Release|Any CPU.Build.0 = Release|Any CPU
	EndGlobalSection
EndGlobal
